
Microsoft Visual Studio Solution File, Format Version 12.00
# Visual Studio Version 17
VisualStudioVersion = 17.0.31903.59
MinimumVisualStudioVersion = 10.0.40219.1
Project("{FAE04EC0-301F-11D3-BF4B-00C04F79EFBC}") = "TaskBoard.Api", "TaskBoard.Api\TaskBoard.Api.csproj", "{79320873-0E1E-429C-AA8A-3F2D4704A6D0}"
EndProject
Project("{FAE04EC0-301F-11D3-BF4B-00C04F79EFBC}") = "TaskBoard.Application", "TaskBoard.Application\TaskBoard.Application.csproj", "{C2C536F8-2EC7-4CCC-8F3F-ABFA180D40C6}"
EndProject
Project("{FAE04EC0-301F-11D3-BF4B-00C04F79EFBC}") = "TaskBoard.Domain", "TaskBoard.Domain\TaskBoard.Domain.csproj", "{7C39979F-B7BF-48F1-B370-59EC24319D47}"
EndProject
Project("{FAE04EC0-301F-11D3-BF4B-00C04F79EFBC}") = "TaskBoard.Infrastructure", "TaskBoard.Infrastructure\TaskBoard.Infrastructure.csproj", "{6AAF66C6-A3DF-461C-895E-8104E4D240C0}"
EndProject
Project("{FAE04EC0-301F-11D3-BF4B-00C04F79EFBC}") = "TaskBoard.Tests", "TaskBoard.Tests\TaskBoard.Tests.csproj", "{2E9B842F-B264-471A-8681-3AFF91AC5F3C}"
EndProject
Global
	GlobalSection(SolutionConfigurationPlatforms) = preSolution
		Debug|Any CPU = Debug|Any CPU
		Release|Any CPU = Release|Any CPU
	EndGlobalSection
	GlobalSection(SolutionProperties) = preSolution
		HideSolutionNode = FALSE
	EndGlobalSection
	GlobalSection(ProjectConfigurationPlatforms) = postSolution
		{79320873-0E1E-429C-AA8A-3F2D4704A6D0}.Debug|Any CPU.ActiveCfg = Debug|Any CPU
		{79320873-0E1E-429C-AA8A-3F2D4704A6D0}.Debug|Any CPU.Build.0 = Debug|Any CPU
		{79320873-0E1E-429C-AA8A-3F2D4704A6D0}.Release|Any CPU.ActiveCfg = Release|Any CPU
		{79320873-0E1E-429C-AA8A-3F2D4704A6D0}.Release|Any CPU.Build.0 = Release|Any CPU
		{C2C536F8-2EC7-4CCC-8F3F-ABFA180D40C6}.Debug|Any CPU.ActiveCfg = Debug|Any CPU
		{C2C536F8-2EC7-4CCC-8F3F-ABFA180D40C6}.Debug|Any CPU.Build.0 = Debug|Any CPU
		{C2C536F8-2EC7-4CCC-8F3F-ABFA180D40C6}.Release|Any CPU.ActiveCfg = Release|Any CPU
		{C2C536F8-2EC7-4CCC-8F3F-ABFA180D40C6}.Release|Any CPU.Build.0 = Release|Any CPU
		{7C39979F-B7BF-48F1-B370-59EC24319D47}.Debug|Any CPU.ActiveCfg = Debug|Any CPU
		{7C39979F-B7BF-48F1-B370-59EC24319D47}.Debug|Any CPU.Build.0 = Debug|Any CPU
		{7C39979F-B7BF-48F1-B370-59EC24319D47}.Release|Any CPU.ActiveCfg = Release|Any CPU
		{7C39979F-B7BF-48F1-B370-59EC24319D47}.Release|Any CPU.Build.0 = Release|Any CPU
		{6AAF66C6-A3DF-461C-895E-8104E4D240C0}.Debug|Any CPU.ActiveCfg = Debug|Any CPU
		{6AAF66C6-A3DF-461C-895E-8104E4D240C0}.Debug|Any CPU.Build.0 = Debug|Any CPU
		{6AAF66C6-A3DF-461C-895E-8104E4D240C0}.Release|Any CPU.ActiveCfg = Release|Any CPU
		{6AAF66C6-A3DF-461C-895E-8104E4D240C0}.Release|Any CPU.Build.0 = Release|Any CPU
		{2E9B842F-B264-471A-8681-3AFF91AC5F3C}.Debug|Any CPU.ActiveCfg = Debug|Any CPU
		{2E9B842F-B264-471A-8681-3AFF91AC5F3C}.Debug|Any CPU.Build.0 = Debug|Any CPU
		{2E9B842F-B264-471A-8681-3AFF91AC5F3C}.Release|Any CPU.ActiveCfg = Release|Any CPU
		{2E9B842F-B264-471A-8681-3AFF91AC5F3C}.Release|Any CPU.Build.0 = Release|Any CPU
	EndGlobalSection
EndGlobal
